
Microsoft Visual Studio Solution File, Format Version 12.00
# Visual Studio Version 16
VisualStudioVersion = 16.0.31727.386
MinimumVisualStudioVersion = 10.0.40219.1
Project("{9A19103F-16F7-4668-BE54-9A1E7A4F7556}") = "lw3", "lw3\lw3.csproj", "{5AD655B1-AC76-4D23-8D22-1A605010DA47}"
EndProject
Project("{9A19103F-16F7-4668-BE54-9A1E7A4F7556}") = "lw4", "lw4\lw4.csproj", "{E2B65416-241B-408B-91B7-F052908249F7}"
EndProject
Project("{9A19103F-16F7-4668-BE54-9A1E7A4F7556}") = "lw5", "lw5\lw5.csproj", "{C040A64B-F26A-41BC-BC14-E7457AA0694E}"
EndProject
Project("{9A19103F-16F7-4668-BE54-9A1E7A4F7556}") = "lw6", "lw6\lw6.csproj", "{569E7206-3408-4E0D-8F34-7BD29DDDD33B}"
EndProject
Project("{9A19103F-16F7-4668-BE54-9A1E7A4F7556}") = "lw7", "lw7\lw7.csproj", "{C7AB2B1D-4DE4-4027-A862-E8B8B05F743E}"
EndProject
Project("{9A19103F-16F7-4668-BE54-9A1E7A4F7556}") = "lw8", "lw8\lw8.csproj", "{27B8EEDB-3CF2-45F0-942F-A0424B34D271}"
EndProject
Project("{FAE04EC0-301F-11D3-BF4B-00C04F79EFBC}") = "lw9", "lw9\lw9.csproj", "{35243830-2F35-42A7-82F3-2921201C5527}"
EndProject
Global
	GlobalSection(SolutionConfigurationPlatforms) = preSolution
		Debug|Any CPU = Debug|Any CPU
		Release|Any CPU = Release|Any CPU
	EndGlobalSection
	GlobalSection(ProjectConfigurationPlatforms) = postSolution
		{5AD655B1-AC76-4D23-8D22-1A605010DA47}.Debug|Any CPU.ActiveCfg = Debug|Any CPU
		{5AD655B1-AC76-4D23-8D22-1A605010DA47}.Debug|Any CPU.Build.0 = Debug|Any CPU
		{5AD655B1-AC76-4D23-8D22-1A605010DA47}.Release|Any CPU.ActiveCfg = Release|Any CPU
		{5AD655B1-AC76-4D23-8D22-1A605010DA47}.Release|Any CPU.Build.0 = Release|Any CPU
		{E2B65416-241B-408B-91B7-F052908249F7}.Debug|Any CPU.ActiveCfg = Debug|Any CPU
		{E2B65416-241B-408B-91B7-F052908249F7}.Debug|Any CPU.Build.0 = Debug|Any CPU
		{E2B65416-241B-408B-91B7-F052908249F7}.Release|Any CPU.ActiveCfg = Release|Any CPU
		{E2B65416-241B-408B-91B7-F052908249F7}.Release|Any CPU.Build.0 = Release|Any CPU
		{C040A64B-F26A-41BC-BC14-E7457AA0694E}.Debug|Any CPU.ActiveCfg = Debug|Any CPU
		{C040A64B-F26A-41BC-BC14-E7457AA0694E}.Debug|Any CPU.Build.0 = Debug|Any CPU
		{C040A64B-F26A-41BC-BC14-E7457AA0694E}.Release|Any CPU.ActiveCfg = Release|Any CPU
		{C040A64B-F26A-41BC-BC14-E7457AA0694E}.Release|Any CPU.Build.0 = Release|Any CPU
		{569E7206-3408-4E0D-8F34-7BD29DDDD33B}.Debug|Any CPU.ActiveCfg = Debug|Any CPU
		{569E7206-3408-4E0D-8F34-7BD29DDDD33B}.Debug|Any CPU.Build.0 = Debug|Any CPU
		{569E7206-3408-4E0D-8F34-7BD29DDDD33B}.Release|Any CPU.ActiveCfg = Release|Any CPU
		{569E7206-3408-4E0D-8F34-7BD29DDDD33B}.Release|Any CPU.Build.0 = Release|Any CPU
		{C7AB2B1D-4DE4-4027-A862-E8B8B05F743E}.Debug|Any CPU.ActiveCfg = Debug|Any CPU
		{C7AB2B1D-4DE4-4027-A862-E8B8B05F743E}.Debug|Any CPU.Build.0 = Debug|Any CPU
		{C7AB2B1D-4DE4-4027-A862-E8B8B05F743E}.Release|Any CPU.ActiveCfg = Release|Any CPU
		{C7AB2B1D-4DE4-4027-A862-E8B8B05F743E}.Release|Any CPU.Build.0 = Release|Any CPU
		{27B8EEDB-3CF2-45F0-942F-A0424B34D271}.Debug|Any CPU.ActiveCfg = Debug|Any CPU
		{27B8EEDB-3CF2-45F0-942F-A0424B34D271}.Debug|Any CPU.Build.0 = Debug|Any CPU
		{27B8EEDB-3CF2-45F0-942F-A0424B34D271}.Release|Any CPU.ActiveCfg = Release|Any CPU
		{27B8EEDB-3CF2-45F0-942F-A0424B34D271}.Release|Any CPU.Build.0 = Release|Any CPU
		{35243830-2F35-42A7-82F3-2921201C5527}.Debug|Any CPU.ActiveCfg = Debug|Any CPU
		{35243830-2F35-42A7-82F3-2921201C5527}.Debug|Any CPU.Build.0 = Debug|Any CPU
		{35243830-2F35-42A7-82F3-2921201C5527}.Release|Any CPU.ActiveCfg = Release|Any CPU
		{35243830-2F35-42A7-82F3-2921201C5527}.Release|Any CPU.Build.0 = Release|Any CPU
	EndGlobalSection
	GlobalSection(SolutionProperties) = preSolution
		HideSolutionNode = FALSE
	EndGlobalSection
	GlobalSection(ExtensibilityGlobals) = postSolution
		SolutionGuid = {4BD73D38-0B36-44E3-838F-E8B252B91918}
	EndGlobalSection
EndGlobal
